
Microsoft Visual Studio Solution File, Format Version 12.00
# Visual Studio Version 17
VisualStudioVersion = 17.6.33712.159
MinimumVisualStudioVersion = 10.0.40219.1
Project("{2150E333-8FDC-42A3-9474-1A3956D46DE8}") = "Services", "Services", "{CD8888F7-CB07-49E3-BFBE-CD8C07BA862B}"
EndProject
Project("{2150E333-8FDC-42A3-9474-1A3956D46DE8}") = "Catalog", "Catalog", "{F9D69154-0A81-48BB-BC43-EE0F07FA9DD1}"
EndProject
Project("{9A19103F-16F7-4668-BE54-9A1E7A4F7556}") = "Catalog.API", "Services\Catalog\Catalog.API\Catalog.API.csproj", "{E37ADF33-7B29-4248-BD63-121CEB8C1344}"
EndProject
Project("{E53339B2-1760-4266-BCC7-CA923CBCF16C}") = "docker-compose", "docker-compose.dcproj", "{94138996-E1EB-45D8-AD1F-703D3AB01100}"
EndProject
Project("{2150E333-8FDC-42A3-9474-1A3956D46DE8}") = "Basket", "Basket", "{917C941E-D700-408E-B526-41A98D675382}"
EndProject
Project("{9A19103F-16F7-4668-BE54-9A1E7A4F7556}") = "Basket.API", "Services\Basket\Basket.API\Basket.API.csproj", "{E9DC0A89-62ED-4A55-B130-7A39CC922BF7}"
EndProject
Project("{2150E333-8FDC-42A3-9474-1A3956D46DE8}") = "Discount", "Discount", "{0A414000-9EEC-42E6-BF7E-65F0B8057DD7}"
EndProject
Project("{9A19103F-16F7-4668-BE54-9A1E7A4F7556}") = "Discount.API", "Services\Discount\Discount.API\Discount.API.csproj", "{1D3E53D6-664E-4CAA-BBB0-447262687215}"
EndProject
Project("{9A19103F-16F7-4668-BE54-9A1E7A4F7556}") = "Discount.Grpc", "Services\Discount\Discount.Grpc\Discount.Grpc.csproj", "{F067D979-E3C4-4068-99EA-B89A96D54B7E}"
EndProject
Project("{2150E333-8FDC-42A3-9474-1A3956D46DE8}") = "Ordering", "Ordering", "{6C2987F9-93DE-44B9-AF29-C1453D8C03E4}"
EndProject
Project("{FAE04EC0-301F-11D3-BF4B-00C04F79EFBC}") = "Ordering.API", "Services\Ordering\Ordering.API\Ordering.API.csproj", "{2B2F084D-B51E-44B7-ADDB-F158B0F959A2}"
EndProject
Global
	GlobalSection(SolutionConfigurationPlatforms) = preSolution
		Debug|Any CPU = Debug|Any CPU
		Release|Any CPU = Release|Any CPU
	EndGlobalSection
	GlobalSection(ProjectConfigurationPlatforms) = postSolution
		{E37ADF33-7B29-4248-BD63-121CEB8C1344}.Debug|Any CPU.ActiveCfg = Debug|Any CPU
		{E37ADF33-7B29-4248-BD63-121CEB8C1344}.Debug|Any CPU.Build.0 = Debug|Any CPU
		{E37ADF33-7B29-4248-BD63-121CEB8C1344}.Release|Any CPU.ActiveCfg = Release|Any CPU
		{E37ADF33-7B29-4248-BD63-121CEB8C1344}.Release|Any CPU.Build.0 = Release|Any CPU
		{94138996-E1EB-45D8-AD1F-703D3AB01100}.Debug|Any CPU.ActiveCfg = Debug|Any CPU
		{94138996-E1EB-45D8-AD1F-703D3AB01100}.Debug|Any CPU.Build.0 = Debug|Any CPU
		{94138996-E1EB-45D8-AD1F-703D3AB01100}.Release|Any CPU.ActiveCfg = Release|Any CPU
		{94138996-E1EB-45D8-AD1F-703D3AB01100}.Release|Any CPU.Build.0 = Release|Any CPU
		{E9DC0A89-62ED-4A55-B130-7A39CC922BF7}.Debug|Any CPU.ActiveCfg = Debug|Any CPU
		{E9DC0A89-62ED-4A55-B130-7A39CC922BF7}.Debug|Any CPU.Build.0 = Debug|Any CPU
		{E9DC0A89-62ED-4A55-B130-7A39CC922BF7}.Release|Any CPU.ActiveCfg = Release|Any CPU
		{E9DC0A89-62ED-4A55-B130-7A39CC922BF7}.Release|Any CPU.Build.0 = Release|Any CPU
		{1D3E53D6-664E-4CAA-BBB0-447262687215}.Debug|Any CPU.ActiveCfg = Debug|Any CPU
		{1D3E53D6-664E-4CAA-BBB0-447262687215}.Debug|Any CPU.Build.0 = Debug|Any CPU
		{1D3E53D6-664E-4CAA-BBB0-447262687215}.Release|Any CPU.ActiveCfg = Release|Any CPU
		{1D3E53D6-664E-4CAA-BBB0-447262687215}.Release|Any CPU.Build.0 = Release|Any CPU
		{F067D979-E3C4-4068-99EA-B89A96D54B7E}.Debug|Any CPU.ActiveCfg = Debug|Any CPU
		{F067D979-E3C4-4068-99EA-B89A96D54B7E}.Debug|Any CPU.Build.0 = Debug|Any CPU
		{F067D979-E3C4-4068-99EA-B89A96D54B7E}.Release|Any CPU.ActiveCfg = Release|Any CPU
		{F067D979-E3C4-4068-99EA-B89A96D54B7E}.Release|Any CPU.Build.0 = Release|Any CPU
		{2B2F084D-B51E-44B7-ADDB-F158B0F959A2}.Debug|Any CPU.ActiveCfg = Debug|Any CPU
		{2B2F084D-B51E-44B7-ADDB-F158B0F959A2}.Debug|Any CPU.Build.0 = Debug|Any CPU
		{2B2F084D-B51E-44B7-ADDB-F158B0F959A2}.Release|Any CPU.ActiveCfg = Release|Any CPU
		{2B2F084D-B51E-44B7-ADDB-F158B0F959A2}.Release|Any CPU.Build.0 = Release|Any CPU
	EndGlobalSection
	GlobalSection(SolutionProperties) = preSolution
		HideSolutionNode = FALSE
	EndGlobalSection
	GlobalSection(NestedProjects) = preSolution
		{F9D69154-0A81-48BB-BC43-EE0F07FA9DD1} = {CD8888F7-CB07-49E3-BFBE-CD8C07BA862B}
		{E37ADF33-7B29-4248-BD63-121CEB8C1344} = {F9D69154-0A81-48BB-BC43-EE0F07FA9DD1}
		{917C941E-D700-408E-B526-41A98D675382} = {CD8888F7-CB07-49E3-BFBE-CD8C07BA862B}
		{E9DC0A89-62ED-4A55-B130-7A39CC922BF7} = {917C941E-D700-408E-B526-41A98D675382}
		{0A414000-9EEC-42E6-BF7E-65F0B8057DD7} = {CD8888F7-CB07-49E3-BFBE-CD8C07BA862B}
		{1D3E53D6-664E-4CAA-BBB0-447262687215} = {0A414000-9EEC-42E6-BF7E-65F0B8057DD7}
		{F067D979-E3C4-4068-99EA-B89A96D54B7E} = {0A414000-9EEC-42E6-BF7E-65F0B8057DD7}
		{6C2987F9-93DE-44B9-AF29-C1453D8C03E4} = {CD8888F7-CB07-49E3-BFBE-CD8C07BA862B}
		{2B2F084D-B51E-44B7-ADDB-F158B0F959A2} = {6C2987F9-93DE-44B9-AF29-C1453D8C03E4}
	EndGlobalSection
	GlobalSection(ExtensibilityGlobals) = postSolution
		SolutionGuid = {AD5E04DB-7712-4F31-AB21-15395B2C4FF6}
	EndGlobalSection
EndGlobal
